// !$*UTF8*$!
{
	archiveVersion = 1;
	classes = {
	};
	objectVersion = 56;
	objects = {

/* Begin PBXBuildFile section */
		7E4576002B7B5ABA00D12DF2 /* MainViewController.swift in Sources */ = {isa = PBXBuildFile; fileRef = 7E4575FE2B7B5ABA00D12DF2 /* MainViewController.swift */; };
		7E4576012B7B5ABA00D12DF2 /* MainViewController.xib in Resources */ = {isa = PBXBuildFile; fileRef = 7E4575FF2B7B5ABA00D12DF2 /* MainViewController.xib */; };
		7E4576032B7B62AC00D12DF2 /* DetailService.swift in Sources */ = {isa = PBXBuildFile; fileRef = 7E4576022B7B62AC00D12DF2 /* DetailService.swift */; };
		7E4576052B7B64DC00D12DF2 /* LaunchDetail.swift in Sources */ = {isa = PBXBuildFile; fileRef = 7E4576042B7B64DC00D12DF2 /* LaunchDetail.swift */; };
		7E4576072B7B74BD00D12DF2 /* LaunchMedia.swift in Sources */ = {isa = PBXBuildFile; fileRef = 7E4576062B7B74BD00D12DF2 /* LaunchMedia.swift */; };
		7E45760C2B7BACE800D12DF2 /* LaunchDetailViewController.swift in Sources */ = {isa = PBXBuildFile; fileRef = 7E45760A2B7BACE800D12DF2 /* LaunchDetailViewController.swift */; };
		7E45760D2B7BACE800D12DF2 /* LaunchDetailViewController.xib in Resources */ = {isa = PBXBuildFile; fileRef = 7E45760B2B7BACE800D12DF2 /* LaunchDetailViewController.xib */; };
		7E4E16752B6D493500A99B53 /* Endpoint.swift in Sources */ = {isa = PBXBuildFile; fileRef = 7E4E16742B6D493500A99B53 /* Endpoint.swift */; };
		7E8960242B6BE61300409FFD /* AppDelegate.swift in Sources */ = {isa = PBXBuildFile; fileRef = 7E8960232B6BE61300409FFD /* AppDelegate.swift */; };
		7E8960262B6BE61300409FFD /* SceneDelegate.swift in Sources */ = {isa = PBXBuildFile; fileRef = 7E8960252B6BE61300409FFD /* SceneDelegate.swift */; };
		7E89602D2B6BE61500409FFD /* Assets.xcassets in Resources */ = {isa = PBXBuildFile; fileRef = 7E89602C2B6BE61500409FFD /* Assets.xcassets */; };
		7E8960302B6BE61500409FFD /* LaunchScreen.storyboard in Resources */ = {isa = PBXBuildFile; fileRef = 7E89602E2B6BE61500409FFD /* LaunchScreen.storyboard */; };
		7E89603F2B6BE85A00409FFD /* LaunchModel.swift in Sources */ = {isa = PBXBuildFile; fileRef = 7E89603E2B6BE85A00409FFD /* LaunchModel.swift */; };
		7E8960422B6BEE0E00409FFD /* LaunchService.swift in Sources */ = {isa = PBXBuildFile; fileRef = 7E8960412B6BEE0E00409FFD /* LaunchService.swift */; };
		7E8960452B6BEE8600409FFD /* Alamofire in Frameworks */ = {isa = PBXBuildFile; productRef = 7E8960442B6BEE8600409FFD /* Alamofire */; };
		7E8960472B6BEEBD00409FFD /* Kind.swift in Sources */ = {isa = PBXBuildFile; fileRef = 7E8960462B6BEEBD00409FFD /* Kind.swift */; };
		7E89604B2B6BF04C00409FFD /* ServiceError.swift in Sources */ = {isa = PBXBuildFile; fileRef = 7E89604A2B6BF04C00409FFD /* ServiceError.swift */; };
		7EA468572B7239B800D6080A /* LaunchCell.swift in Sources */ = {isa = PBXBuildFile; fileRef = 7EA468552B7239B800D6080A /* LaunchCell.swift */; };
		7EA468582B7239B800D6080A /* LaunchCell.xib in Resources */ = {isa = PBXBuildFile; fileRef = 7EA468562B7239B800D6080A /* LaunchCell.xib */; };
		7EA4685B2B723D6300D6080A /* Kingfisher in Frameworks */ = {isa = PBXBuildFile; productRef = 7EA4685A2B723D6300D6080A /* Kingfisher */; };
		7EA4685D2B723E7A00D6080A /* date+Ext.swift in Sources */ = {isa = PBXBuildFile; fileRef = 7EA4685C2B723E7A00D6080A /* date+Ext.swift */; };
		7EA4685F2B723FFA00D6080A /* Double+ext.swift in Sources */ = {isa = PBXBuildFile; fileRef = 7EA4685E2B723FFA00D6080A /* Double+ext.swift */; };
		7EA468632B7246E200D6080A /* MainViewModel.swift in Sources */ = {isa = PBXBuildFile; fileRef = 7EA468622B7246E200D6080A /* MainViewModel.swift */; };
		7EB63AB42B84BFC20070825F /* LauncDetailViewModel.swift in Sources */ = {isa = PBXBuildFile; fileRef = 7EB63AB32B84BFC20070825F /* LauncDetailViewModel.swift */; };
		7EB63AC22B84CA4A0070825F /* AttributesCell.swift in Sources */ = {isa = PBXBuildFile; fileRef = 7EB63AC02B84CA4A0070825F /* AttributesCell.swift */; };
		7EB63AC32B84CA4A0070825F /* AttributesCell.xib in Resources */ = {isa = PBXBuildFile; fileRef = 7EB63AC12B84CA4A0070825F /* AttributesCell.xib */; };
		7EB63AC62B84CA6B0070825F /* MediaCell.swift in Sources */ = {isa = PBXBuildFile; fileRef = 7EB63AC42B84CA6B0070825F /* MediaCell.swift */; };
		7EB63AC72B84CA6B0070825F /* MediaCell.xib in Resources */ = {isa = PBXBuildFile; fileRef = 7EB63AC52B84CA6B0070825F /* MediaCell.xib */; };
/* End PBXBuildFile section */

/* Begin PBXFileReference section */
		7E4575FE2B7B5ABA00D12DF2 /* MainViewController.swift */ = {isa = PBXFileReference; lastKnownFileType = sourcecode.swift; path = MainViewController.swift; sourceTree = "<group>"; };
		7E4575FF2B7B5ABA00D12DF2 /* MainViewController.xib */ = {isa = PBXFileReference; lastKnownFileType = file.xib; path = MainViewController.xib; sourceTree = "<group>"; };
		7E4576022B7B62AC00D12DF2 /* DetailService.swift */ = {isa = PBXFileReference; lastKnownFileType = sourcecode.swift; path = DetailService.swift; sourceTree = "<group>"; };
		7E4576042B7B64DC00D12DF2 /* LaunchDetail.swift */ = {isa = PBXFileReference; lastKnownFileType = sourcecode.swift; path = LaunchDetail.swift; sourceTree = "<group>"; };
		7E4576062B7B74BD00D12DF2 /* LaunchMedia.swift */ = {isa = PBXFileReference; lastKnownFileType = sourcecode.swift; path = LaunchMedia.swift; sourceTree = "<group>"; };
		7E45760A2B7BACE800D12DF2 /* LaunchDetailViewController.swift */ = {isa = PBXFileReference; lastKnownFileType = sourcecode.swift; path = LaunchDetailViewController.swift; sourceTree = "<group>"; };
		7E45760B2B7BACE800D12DF2 /* LaunchDetailViewController.xib */ = {isa = PBXFileReference; lastKnownFileType = file.xib; path = LaunchDetailViewController.xib; sourceTree = "<group>"; };
		7E4E16742B6D493500A99B53 /* Endpoint.swift */ = {isa = PBXFileReference; lastKnownFileType = sourcecode.swift; path = Endpoint.swift; sourceTree = "<group>"; };
		7E8960202B6BE61300409FFD /* SpaceX.app */ = {isa = PBXFileReference; explicitFileType = wrapper.application; includeInIndex = 0; path = SpaceX.app; sourceTree = BUILT_PRODUCTS_DIR; };
		7E8960232B6BE61300409FFD /* AppDelegate.swift */ = {isa = PBXFileReference; lastKnownFileType = sourcecode.swift; path = AppDelegate.swift; sourceTree = "<group>"; };
		7E8960252B6BE61300409FFD /* SceneDelegate.swift */ = {isa = PBXFileReference; lastKnownFileType = sourcecode.swift; path = SceneDelegate.swift; sourceTree = "<group>"; };
		7E89602C2B6BE61500409FFD /* Assets.xcassets */ = {isa = PBXFileReference; lastKnownFileType = folder.assetcatalog; path = Assets.xcassets; sourceTree = "<group>"; };
		7E89602F2B6BE61500409FFD /* Base */ = {isa = PBXFileReference; lastKnownFileType = file.storyboard; name = Base; path = Base.lproj/LaunchScreen.storyboard; sourceTree = "<group>"; };
		7E8960312B6BE61500409FFD /* Info.plist */ = {isa = PBXFileReference; lastKnownFileType = text.plist.xml; path = Info.plist; sourceTree = "<group>"; };
		7E89603E2B6BE85A00409FFD /* LaunchModel.swift */ = {isa = PBXFileReference; lastKnownFileType = sourcecode.swift; path = LaunchModel.swift; sourceTree = "<group>"; };
		7E8960412B6BEE0E00409FFD /* LaunchService.swift */ = {isa = PBXFileReference; lastKnownFileType = sourcecode.swift; path = LaunchService.swift; sourceTree = "<group>"; };
		7E8960462B6BEEBD00409FFD /* Kind.swift */ = {isa = PBXFileReference; lastKnownFileType = sourcecode.swift; path = Kind.swift; sourceTree = "<group>"; };
		7E89604A2B6BF04C00409FFD /* ServiceError.swift */ = {isa = PBXFileReference; lastKnownFileType = sourcecode.swift; path = ServiceError.swift; sourceTree = "<group>"; };
		7EA468552B7239B800D6080A /* LaunchCell.swift */ = {isa = PBXFileReference; lastKnownFileType = sourcecode.swift; path = LaunchCell.swift; sourceTree = "<group>"; };
		7EA468562B7239B800D6080A /* LaunchCell.xib */ = {isa = PBXFileReference; lastKnownFileType = file.xib; path = LaunchCell.xib; sourceTree = "<group>"; };
		7EA4685C2B723E7A00D6080A /* date+Ext.swift */ = {isa = PBXFileReference; lastKnownFileType = sourcecode.swift; path = "date+Ext.swift"; sourceTree = "<group>"; };
		7EA4685E2B723FFA00D6080A /* Double+ext.swift */ = {isa = PBXFileReference; lastKnownFileType = sourcecode.swift; path = "Double+ext.swift"; sourceTree = "<group>"; };
		7EA468622B7246E200D6080A /* MainViewModel.swift */ = {isa = PBXFileReference; lastKnownFileType = sourcecode.swift; path = MainViewModel.swift; sourceTree = "<group>"; };
		7EB63AB32B84BFC20070825F /* LauncDetailViewModel.swift */ = {isa = PBXFileReference; lastKnownFileType = sourcecode.swift; path = LauncDetailViewModel.swift; sourceTree = "<group>"; };
		7EB63AC02B84CA4A0070825F /* AttributesCell.swift */ = {isa = PBXFileReference; lastKnownFileType = sourcecode.swift; path = AttributesCell.swift; sourceTree = "<group>"; };
		7EB63AC12B84CA4A0070825F /* AttributesCell.xib */ = {isa = PBXFileReference; lastKnownFileType = file.xib; path = AttributesCell.xib; sourceTree = "<group>"; };
		7EB63AC42B84CA6B0070825F /* MediaCell.swift */ = {isa = PBXFileReference; lastKnownFileType = sourcecode.swift; path = MediaCell.swift; sourceTree = "<group>"; wrapsLines = 0; };
		7EB63AC52B84CA6B0070825F /* MediaCell.xib */ = {isa = PBXFileReference; lastKnownFileType = file.xib; path = MediaCell.xib; sourceTree = "<group>"; };
/* End PBXFileReference section */

/* Begin PBXFrameworksBuildPhase section */
		7E89601D2B6BE61300409FFD /* Frameworks */ = {
			isa = PBXFrameworksBuildPhase;
			buildActionMask = 2147483647;
			files = (
				7EA4685B2B723D6300D6080A /* Kingfisher in Frameworks */,
				7E8960452B6BEE8600409FFD /* Alamofire in Frameworks */,
			);
			runOnlyForDeploymentPostprocessing = 0;
		};
/* End PBXFrameworksBuildPhase section */

/* Begin PBXGroup section */
		7E4576082B7BA8F000D12DF2 /* Scenes */ = {
			isa = PBXGroup;
			children = (
				7E4576092B7BA9D700D12DF2 /* DetailScene */,
				7E89603C2B6BE82D00409FFD /* MainScene */,
			);
			path = Scenes;
			sourceTree = "<group>";
		};
		7E4576092B7BA9D700D12DF2 /* DetailScene */ = {
			isa = PBXGroup;
			children = (
				7EB63AB92B84C2230070825F /* Cells */,
				7E45760A2B7BACE800D12DF2 /* LaunchDetailViewController.swift */,
				7E45760B2B7BACE800D12DF2 /* LaunchDetailViewController.xib */,
				7EB63AB32B84BFC20070825F /* LauncDetailViewModel.swift */,
			);
			path = DetailScene;
			sourceTree = "<group>";
		};
		7E4E16732B6D491B00A99B53 /* Utilities */ = {
			isa = PBXGroup;
			children = (
				7E89604A2B6BF04C00409FFD /* ServiceError.swift */,
				7E4E16742B6D493500A99B53 /* Endpoint.swift */,
				7EA4685C2B723E7A00D6080A /* date+Ext.swift */,
				7EA4685E2B723FFA00D6080A /* Double+ext.swift */,
			);
			path = Utilities;
			sourceTree = "<group>";
		};
		7E8960172B6BE61300409FFD = {
			isa = PBXGroup;
			children = (
				7E8960222B6BE61300409FFD /* SpaceX */,
				7E8960212B6BE61300409FFD /* Products */,
			);
			sourceTree = "<group>";
		};
		7E8960212B6BE61300409FFD /* Products */ = {
			isa = PBXGroup;
			children = (
				7E8960202B6BE61300409FFD /* SpaceX.app */,
			);
			name = Products;
			sourceTree = "<group>";
		};
		7E8960222B6BE61300409FFD /* SpaceX */ = {
			isa = PBXGroup;
			children = (
				7E4E16732B6D491B00A99B53 /* Utilities */,
				7E8960372B6BE63100409FFD /* Resources */,
				7E89603D2B6BE84100409FFD /* Models */,
				7E8960402B6BEDFC00409FFD /* Services */,
				7E4576082B7BA8F000D12DF2 /* Scenes */,
				7E89602E2B6BE61500409FFD /* LaunchScreen.storyboard */,
				7E8960312B6BE61500409FFD /* Info.plist */,
			);
			path = SpaceX;
			sourceTree = "<group>";
		};
		7E8960372B6BE63100409FFD /* Resources */ = {
			isa = PBXGroup;
			children = (
				7E8960232B6BE61300409FFD /* AppDelegate.swift */,
				7E8960252B6BE61300409FFD /* SceneDelegate.swift */,
				7E89602C2B6BE61500409FFD /* Assets.xcassets */,
			);
			path = Resources;
			sourceTree = "<group>";
		};
		7E89603C2B6BE82D00409FFD /* MainScene */ = {
			isa = PBXGroup;
			children = (
				7EA468552B7239B800D6080A /* LaunchCell.swift */,
				7EA468562B7239B800D6080A /* LaunchCell.xib */,
				7EA468622B7246E200D6080A /* MainViewModel.swift */,
				7E4575FE2B7B5ABA00D12DF2 /* MainViewController.swift */,
				7E4575FF2B7B5ABA00D12DF2 /* MainViewController.xib */,
			);
			path = MainScene;
			sourceTree = "<group>";
		};
		7E89603D2B6BE84100409FFD /* Models */ = {
			isa = PBXGroup;
			children = (
				7E89603E2B6BE85A00409FFD /* LaunchModel.swift */,
				7E8960462B6BEEBD00409FFD /* Kind.swift */,
				7E4576042B7B64DC00D12DF2 /* LaunchDetail.swift */,
				7E4576062B7B74BD00D12DF2 /* LaunchMedia.swift */,
			);
			path = Models;
			sourceTree = "<group>";
		};
		7E8960402B6BEDFC00409FFD /* Services */ = {
			isa = PBXGroup;
			children = (
				7E8960412B6BEE0E00409FFD /* LaunchService.swift */,
				7E4576022B7B62AC00D12DF2 /* DetailService.swift */,
			);
			path = Services;
			sourceTree = "<group>";
		};
		7EB63AB92B84C2230070825F /* Cells */ = {
			isa = PBXGroup;
			children = (
				7EB63ABE2B84C24F0070825F /* AttributesCell */,
				7EB63ABF2B84C25D0070825F /* MediaCell */,
			);
			path = Cells;
			sourceTree = "<group>";
		};
		7EB63ABE2B84C24F0070825F /* AttributesCell */ = {
			isa = PBXGroup;
			children = (
				7EB63AC02B84CA4A0070825F /* AttributesCell.swift */,
				7EB63AC12B84CA4A0070825F /* AttributesCell.xib */,
			);
			path = AttributesCell;
			sourceTree = "<group>";
		};
		7EB63ABF2B84C25D0070825F /* MediaCell */ = {
			isa = PBXGroup;
			children = (
				7EB63AC42B84CA6B0070825F /* MediaCell.swift */,
				7EB63AC52B84CA6B0070825F /* MediaCell.xib */,
			);
			name = MediaCell;
			path = "MediaCellş";
			sourceTree = "<group>";
		};
/* End PBXGroup section */

/* Begin PBXNativeTarget section */
		7E89601F2B6BE61300409FFD /* SpaceX */ = {
			isa = PBXNativeTarget;
			buildConfigurationList = 7E8960342B6BE61500409FFD /* Build configuration list for PBXNativeTarget "SpaceX" */;
			buildPhases = (
				7E89601C2B6BE61300409FFD /* Sources */,
				7E89601D2B6BE61300409FFD /* Frameworks */,
				7E89601E2B6BE61300409FFD /* Resources */,
			);
			buildRules = (
			);
			dependencies = (
			);
			name = SpaceX;
			packageProductDependencies = (
				7E8960442B6BEE8600409FFD /* Alamofire */,
				7EA4685A2B723D6300D6080A /* Kingfisher */,
			);
			productName = SapceX_Cansu;
			productReference = 7E8960202B6BE61300409FFD /* SpaceX.app */;
			productType = "com.apple.product-type.application";
		};
/* End PBXNativeTarget section */

/* Begin PBXProject section */
		7E8960182B6BE61300409FFD /* Project object */ = {
			isa = PBXProject;
			attributes = {
				BuildIndependentTargetsInParallel = 1;
				LastSwiftUpdateCheck = 1500;
				LastUpgradeCheck = 1500;
				TargetAttributes = {
					7E89601F2B6BE61300409FFD = {
						CreatedOnToolsVersion = 15.0.1;
					};
				};
			};
			buildConfigurationList = 7E89601B2B6BE61300409FFD /* Build configuration list for PBXProject "SpaceX" */;
			compatibilityVersion = "Xcode 14.0";
			developmentRegion = en;
			hasScannedForEncodings = 0;
			knownRegions = (
				en,
				Base,
			);
			mainGroup = 7E8960172B6BE61300409FFD;
			packageReferences = (
				7E8960432B6BEE8600409FFD /* XCRemoteSwiftPackageReference "Alamofire" */,
				7EA468592B723D6300D6080A /* XCRemoteSwiftPackageReference "Kingfisher" */,
			);
			productRefGroup = 7E8960212B6BE61300409FFD /* Products */;
			projectDirPath = "";
			projectRoot = "";
			targets = (
				7E89601F2B6BE61300409FFD /* SpaceX */,
			);
		};
/* End PBXProject section */

/* Begin PBXResourcesBuildPhase section */
		7E89601E2B6BE61300409FFD /* Resources */ = {
			isa = PBXResourcesBuildPhase;
			buildActionMask = 2147483647;
			files = (
				7E45760D2B7BACE800D12DF2 /* LaunchDetailViewController.xib in Resources */,
				7E8960302B6BE61500409FFD /* LaunchScreen.storyboard in Resources */,
				7EB63AC72B84CA6B0070825F /* MediaCell.xib in Resources */,
				7EA468582B7239B800D6080A /* LaunchCell.xib in Resources */,
				7E89602D2B6BE61500409FFD /* Assets.xcassets in Resources */,
				7EB63AC32B84CA4A0070825F /* AttributesCell.xib in Resources */,
				7E4576012B7B5ABA00D12DF2 /* MainViewController.xib in Resources */,
			);
			runOnlyForDeploymentPostprocessing = 0;
		};
/* End PBXResourcesBuildPhase section */

/* Begin PBXSourcesBuildPhase section */
		7E89601C2B6BE61300409FFD /* Sources */ = {
			isa = PBXSourcesBuildPhase;
			buildActionMask = 2147483647;
			files = (
				7E45760C2B7BACE800D12DF2 /* LaunchDetailViewController.swift in Sources */,
				7EA4685F2B723FFA00D6080A /* Double+ext.swift in Sources */,
				7E89603F2B6BE85A00409FFD /* LaunchModel.swift in Sources */,
				7E4E16752B6D493500A99B53 /* Endpoint.swift in Sources */,
				7EB63AC62B84CA6B0070825F /* MediaCell.swift in Sources */,
				7E4576002B7B5ABA00D12DF2 /* MainViewController.swift in Sources */,
				7E8960422B6BEE0E00409FFD /* LaunchService.swift in Sources */,
				7E8960242B6BE61300409FFD /* AppDelegate.swift in Sources */,
				7E8960262B6BE61300409FFD /* SceneDelegate.swift in Sources */,
				7E89604B2B6BF04C00409FFD /* ServiceError.swift in Sources */,
				7E8960472B6BEEBD00409FFD /* Kind.swift in Sources */,
				7EB63AC22B84CA4A0070825F /* AttributesCell.swift in Sources */,
				7EA468572B7239B800D6080A /* LaunchCell.swift in Sources */,
				7E4576032B7B62AC00D12DF2 /* DetailService.swift in Sources */,
				7E4576052B7B64DC00D12DF2 /* LaunchDetail.swift in Sources */,
				7E4576072B7B74BD00D12DF2 /* LaunchMedia.swift in Sources */,
				7EB63AB42B84BFC20070825F /* LauncDetailViewModel.swift in Sources */,
				7EA4685D2B723E7A00D6080A /* date+Ext.swift in Sources */,
				7EA468632B7246E200D6080A /* MainViewModel.swift in Sources */,
			);
			runOnlyForDeploymentPostprocessing = 0;
		};
/* End PBXSourcesBuildPhase section */

/* Begin PBXVariantGroup section */
		7E89602E2B6BE61500409FFD /* LaunchScreen.storyboard */ = {
			isa = PBXVariantGroup;
			children = (
				7E89602F2B6BE61500409FFD /* Base */,
			);
			name = LaunchScreen.storyboard;
			sourceTree = "<group>";
		};
/* End PBXVariantGroup section */

/* Begin XCBuildConfiguration section */
		7E8960322B6BE61500409FFD /* Debug */ = {
			isa = XCBuildConfiguration;
			buildSettings = {
				ALWAYS_SEARCH_USER_PATHS = NO;
				ASSETCATALOG_COMPILER_GENERATE_SWIFT_ASSET_SYMBOL_EXTENSIONS = YES;
				CLANG_ANALYZER_NONNULL = YES;
				CLANG_ANALYZER_NUMBER_OBJECT_CONVERSION = YES_AGGRESSIVE;
				CLANG_CXX_LANGUAGE_STANDARD = "gnu++20";
				CLANG_ENABLE_MODULES = YES;
				CLANG_ENABLE_OBJC_ARC = YES;
				CLANG_ENABLE_OBJC_WEAK = YES;
				CLANG_WARN_BLOCK_CAPTURE_AUTORELEASING = YES;
				CLANG_WARN_BOOL_CONVERSION = YES;
				CLANG_WARN_COMMA = YES;
				CLANG_WARN_CONSTANT_CONVERSION = YES;
				CLANG_WARN_DEPRECATED_OBJC_IMPLEMENTATIONS = YES;
				CLANG_WARN_DIRECT_OBJC_ISA_USAGE = YES_ERROR;
				CLANG_WARN_DOCUMENTATION_COMMENTS = YES;
				CLANG_WARN_EMPTY_BODY = YES;
				CLANG_WARN_ENUM_CONVERSION = YES;
				CLANG_WARN_INFINITE_RECURSION = YES;
				CLANG_WARN_INT_CONVERSION = YES;
				CLANG_WARN_NON_LITERAL_NULL_CONVERSION = YES;
				CLANG_WARN_OBJC_IMPLICIT_RETAIN_SELF = YES;
				CLANG_WARN_OBJC_LITERAL_CONVERSION = YES;
				CLANG_WARN_OBJC_ROOT_CLASS = YES_ERROR;
				CLANG_WARN_QUOTED_INCLUDE_IN_FRAMEWORK_HEADER = YES;
				CLANG_WARN_RANGE_LOOP_ANALYSIS = YES;
				CLANG_WARN_STRICT_PROTOTYPES = YES;
				CLANG_WARN_SUSPICIOUS_MOVE = YES;
				CLANG_WARN_UNGUARDED_AVAILABILITY = YES_AGGRESSIVE;
				CLANG_WARN_UNREACHABLE_CODE = YES;
				CLANG_WARN__DUPLICATE_METHOD_MATCH = YES;
				COPY_PHASE_STRIP = NO;
				DEBUG_INFORMATION_FORMAT = dwarf;
				ENABLE_STRICT_OBJC_MSGSEND = YES;
				ENABLE_TESTABILITY = YES;
				ENABLE_USER_SCRIPT_SANDBOXING = YES;
				GCC_C_LANGUAGE_STANDARD = gnu17;
				GCC_DYNAMIC_NO_PIC = NO;
				GCC_NO_COMMON_BLOCKS = YES;
				GCC_OPTIMIZATION_LEVEL = 0;
				GCC_PREPROCESSOR_DEFINITIONS = (
					"DEBUG=1",
					"$(inherited)",
				);
				GCC_WARN_64_TO_32_BIT_CONVERSION = YES;
				GCC_WARN_ABOUT_RETURN_TYPE = YES_ERROR;
				GCC_WARN_UNDECLARED_SELECTOR = YES;
				GCC_WARN_UNINITIALIZED_AUTOS = YES_AGGRESSIVE;
				GCC_WARN_UNUSED_FUNCTION = YES;
				GCC_WARN_UNUSED_VARIABLE = YES;
				IPHONEOS_DEPLOYMENT_TARGET = 17.0;
				LOCALIZATION_PREFERS_STRING_CATALOGS = YES;
				MTL_ENABLE_DEBUG_INFO = INCLUDE_SOURCE;
				MTL_FAST_MATH = YES;
				ONLY_ACTIVE_ARCH = YES;
				SDKROOT = iphoneos;
				SWIFT_ACTIVE_COMPILATION_CONDITIONS = "DEBUG $(inherited)";
				SWIFT_OPTIMIZATION_LEVEL = "-Onone";
			};
			name = Debug;
		};
		7E8960332B6BE61500409FFD /* Release */ = {
			isa = XCBuildConfiguration;
			buildSettings = {
				ALWAYS_SEARCH_USER_PATHS = NO;
				ASSETCATALOG_COMPILER_GENERATE_SWIFT_ASSET_SYMBOL_EXTENSIONS = YES;
				CLANG_ANALYZER_NONNULL = YES;
				CLANG_ANALYZER_NUMBER_OBJECT_CONVERSION = YES_AGGRESSIVE;
				CLANG_CXX_LANGUAGE_STANDARD = "gnu++20";
				CLANG_ENABLE_MODULES = YES;
				CLANG_ENABLE_OBJC_ARC = YES;
				CLANG_ENABLE_OBJC_WEAK = YES;
				CLANG_WARN_BLOCK_CAPTURE_AUTORELEASING = YES;
				CLANG_WARN_BOOL_CONVERSION = YES;
				CLANG_WARN_COMMA = YES;
				CLANG_WARN_CONSTANT_CONVERSION = YES;
				CLANG_WARN_DEPRECATED_OBJC_IMPLEMENTATIONS = YES;
				CLANG_WARN_DIRECT_OBJC_ISA_USAGE = YES_ERROR;
				CLANG_WARN_DOCUMENTATION_COMMENTS = YES;
				CLANG_WARN_EMPTY_BODY = YES;
				CLANG_WARN_ENUM_CONVERSION = YES;
				CLANG_WARN_INFINITE_RECURSION = YES;
				CLANG_WARN_INT_CONVERSION = YES;
				CLANG_WARN_NON_LITERAL_NULL_CONVERSION = YES;
				CLANG_WARN_OBJC_IMPLICIT_RETAIN_SELF = YES;
				CLANG_WARN_OBJC_LITERAL_CONVERSION = YES;
				CLANG_WARN_OBJC_ROOT_CLASS = YES_ERROR;
				CLANG_WARN_QUOTED_INCLUDE_IN_FRAMEWORK_HEADER = YES;
				CLANG_WARN_RANGE_LOOP_ANALYSIS = YES;
				CLANG_WARN_STRICT_PROTOTYPES = YES;
				CLANG_WARN_SUSPICIOUS_MOVE = YES;
				CLANG_WARN_UNGUARDED_AVAILABILITY = YES_AGGRESSIVE;
				CLANG_WARN_UNREACHABLE_CODE = YES;
				CLANG_WARN__DUPLICATE_METHOD_MATCH = YES;
				COPY_PHASE_STRIP = NO;
				DEBUG_INFORMATION_FORMAT = "dwarf-with-dsym";
				ENABLE_NS_ASSERTIONS = NO;
				ENABLE_STRICT_OBJC_MSGSEND = YES;
				ENABLE_USER_SCRIPT_SANDBOXING = YES;
				GCC_C_LANGUAGE_STANDARD = gnu17;
				GCC_NO_COMMON_BLOCKS = YES;
				GCC_WARN_64_TO_32_BIT_CONVERSION = YES;
				GCC_WARN_ABOUT_RETURN_TYPE = YES_ERROR;
				GCC_WARN_UNDECLARED_SELECTOR = YES;
				GCC_WARN_UNINITIALIZED_AUTOS = YES_AGGRESSIVE;
				GCC_WARN_UNUSED_FUNCTION = YES;
				GCC_WARN_UNUSED_VARIABLE = YES;
				IPHONEOS_DEPLOYMENT_TARGET = 17.0;
				LOCALIZATION_PREFERS_STRING_CATALOGS = YES;
				MTL_ENABLE_DEBUG_INFO = NO;
				MTL_FAST_MATH = YES;
				SDKROOT = iphoneos;
				SWIFT_COMPILATION_MODE = wholemodule;
				VALIDATE_PRODUCT = YES;
			};
			name = Release;
		};
		7E8960352B6BE61500409FFD /* Debug */ = {
			isa = XCBuildConfiguration;
			buildSettings = {
				ASSETCATALOG_COMPILER_APPICON_NAME = AppIcon;
				ASSETCATALOG_COMPILER_GLOBAL_ACCENT_COLOR_NAME = AccentColor;
				CODE_SIGN_STYLE = Automatic;
				CURRENT_PROJECT_VERSION = 1;
				DEVELOPMENT_TEAM = W6KT36SHW9;
				GENERATE_INFOPLIST_FILE = YES;
				INFOPLIST_FILE = SpaceX/Info.plist;
				INFOPLIST_KEY_UIApplicationSupportsIndirectInputEvents = YES;
				INFOPLIST_KEY_UILaunchStoryboardName = LaunchScreen;
				INFOPLIST_KEY_UISupportedInterfaceOrientations_iPad = "UIInterfaceOrientationPortrait UIInterfaceOrientationPortraitUpsideDown UIInterfaceOrientationLandscapeLeft UIInterfaceOrientationLandscapeRight";
				INFOPLIST_KEY_UISupportedInterfaceOrientations_iPhone = "UIInterfaceOrientationPortrait UIInterfaceOrientationLandscapeLeft UIInterfaceOrientationLandscapeRight";
				LD_RUNPATH_SEARCH_PATHS = (
					"$(inherited)",
					"@executable_path/Frameworks",
				);
				MARKETING_VERSION = 1.0;
				PRODUCT_BUNDLE_IDENTIFIER = "com.cansukahraman.SapceX-Cansu";
				PRODUCT_NAME = "$(TARGET_NAME)";
				SWIFT_EMIT_LOC_STRINGS = YES;
				SWIFT_VERSION = 5.0;
				TARGETED_DEVICE_FAMILY = "1,2";
			};
			name = Debug;
		};
		7E8960362B6BE61500409FFD /* Release */ = {
			isa = XCBuildConfiguration;
			buildSettings = {
				ASSETCATALOG_COMPILER_APPICON_NAME = AppIcon;
				ASSETCATALOG_COMPILER_GLOBAL_ACCENT_COLOR_NAME = AccentColor;
				CODE_SIGN_STYLE = Automatic;
				CURRENT_PROJECT_VERSION = 1;
				DEVELOPMENT_TEAM = W6KT36SHW9;
				GENERATE_INFOPLIST_FILE = YES;
				INFOPLIST_FILE = SpaceX/Info.plist;
				INFOPLIST_KEY_UIApplicationSupportsIndirectInputEvents = YES;
				INFOPLIST_KEY_UILaunchStoryboardName = LaunchScreen;
				INFOPLIST_KEY_UISupportedInterfaceOrientations_iPad = "UIInterfaceOrientationPortrait UIInterfaceOrientationPortraitUpsideDown UIInterfaceOrientationLandscapeLeft UIInterfaceOrientationLandscapeRight";
				INFOPLIST_KEY_UISupportedInterfaceOrientations_iPhone = "UIInterfaceOrientationPortrait UIInterfaceOrientationLandscapeLeft UIInterfaceOrientationLandscapeRight";
				LD_RUNPATH_SEARCH_PATHS = (
					"$(inherited)",
					"@executable_path/Frameworks",
				);
				MARKETING_VERSION = 1.0;
				PRODUCT_BUNDLE_IDENTIFIER = "com.cansukahraman.SapceX-Cansu";
				PRODUCT_NAME = "$(TARGET_NAME)";
				SWIFT_EMIT_LOC_STRINGS = YES;
				SWIFT_VERSION = 5.0;
				TARGETED_DEVICE_FAMILY = "1,2";
			};
			name = Release;
		};
/* End XCBuildConfiguration section */

/* Begin XCConfigurationList section */
		7E89601B2B6BE61300409FFD /* Build configuration list for PBXProject "SpaceX" */ = {
			isa = XCConfigurationList;
			buildConfigurations = (
				7E8960322B6BE61500409FFD /* Debug */,
				7E8960332B6BE61500409FFD /* Release */,
			);
			defaultConfigurationIsVisible = 0;
			defaultConfigurationName = Release;
		};
		7E8960342B6BE61500409FFD /* Build configuration list for PBXNativeTarget "SpaceX" */ = {
			isa = XCConfigurationList;
			buildConfigurations = (
				7E8960352B6BE61500409FFD /* Debug */,
				7E8960362B6BE61500409FFD /* Release */,
			);
			defaultConfigurationIsVisible = 0;
			defaultConfigurationName = Release;
		};
/* End XCConfigurationList section */

/* Begin XCRemoteSwiftPackageReference section */
		7E8960432B6BEE8600409FFD /* XCRemoteSwiftPackageReference "Alamofire" */ = {
			isa = XCRemoteSwiftPackageReference;
			repositoryURL = "https://github.com/Alamofire/Alamofire.git";
			requirement = {
				kind = upToNextMajorVersion;
				minimumVersion = 5.8.1;
			};
		};
		7EA468592B723D6300D6080A /* XCRemoteSwiftPackageReference "Kingfisher" */ = {
			isa = XCRemoteSwiftPackageReference;
			repositoryURL = "https://github.com/onevcat/Kingfisher.git";
			requirement = {
				kind = upToNextMajorVersion;
				minimumVersion = 7.10.2;
			};
		};
/* End XCRemoteSwiftPackageReference section */

/* Begin XCSwiftPackageProductDependency section */
		7E8960442B6BEE8600409FFD /* Alamofire */ = {
			isa = XCSwiftPackageProductDependency;
			package = 7E8960432B6BEE8600409FFD /* XCRemoteSwiftPackageReference "Alamofire" */;
			productName = Alamofire;
		};
		7EA4685A2B723D6300D6080A /* Kingfisher */ = {
			isa = XCSwiftPackageProductDependency;
			package = 7EA468592B723D6300D6080A /* XCRemoteSwiftPackageReference "Kingfisher" */;
			productName = Kingfisher;
		};
/* End XCSwiftPackageProductDependency section */
	};
	rootObject = 7E8960182B6BE61300409FFD /* Project object */;
}
